
Microsoft Visual Studio Solution File, Format Version 12.00
# Visual Studio Version 17
VisualStudioVersion = 17.6.33723.286
MinimumVisualStudioVersion = 10.0.40219.1
Project("{FAE04EC0-301F-11D3-BF4B-00C04F79EFBC}") = "EverCareCommunity", "EverCareCommunity\EverCareCommunity.csproj", "{1235EF1F-B56C-421B-8935-BA0A4197B7DE}"
EndProject
Global
	GlobalSection(SolutionConfigurationPlatforms) = preSolution
		Debug|Any CPU = Debug|Any CPU
		Release|Any CPU = Release|Any CPU
	EndGlobalSection
	GlobalSection(ProjectConfigurationPlatforms) = postSolution
		{1235EF1F-B56C-421B-8935-BA0A4197B7DE}.Debug|Any CPU.ActiveCfg = Debug|Any CPU
		{1235EF1F-B56C-421B-8935-BA0A4197B7DE}.Debug|Any CPU.Build.0 = Debug|Any CPU
		{1235EF1F-B56C-421B-8935-BA0A4197B7DE}.Release|Any CPU.ActiveCfg = Release|Any CPU
		{1235EF1F-B56C-421B-8935-BA0A4197B7DE}.Release|Any CPU.Build.0 = Release|Any CPU
	EndGlobalSection
	GlobalSection(SolutionProperties) = preSolution
		HideSolutionNode = FALSE
	EndGlobalSection
	GlobalSection(ExtensibilityGlobals) = postSolution
		SolutionGuid = {CC4BB7FD-C651-4E31-9775-FB5B8A0938B5}
	EndGlobalSection
EndGlobal
